
Microsoft Visual Studio Solution File, Format Version 12.00
# Visual Studio Version 17
VisualStudioVersion = 17.14.36408.4 d17.14
MinimumVisualStudioVersion = 10.0.40219.1
Project("{FAE04EC0-301F-11D3-BF4B-00C04F79EFBC}") = "HospitalReceipts", "HospitalReceipts\HospitalReceipts.csproj", "{9977DDEB-229D-4C20-B4A6-6E5C8648251B}"
EndProject
Global
	GlobalSection(SolutionConfigurationPlatforms) = preSolution
		Debug|Any CPU = Debug|Any CPU
		Release|Any CPU = Release|Any CPU
	EndGlobalSection
	GlobalSection(ProjectConfigurationPlatforms) = postSolution
		{9977DDEB-229D-4C20-B4A6-6E5C8648251B}.Debug|Any CPU.ActiveCfg = Debug|Any CPU
		{9977DDEB-229D-4C20-B4A6-6E5C8648251B}.Debug|Any CPU.Build.0 = Debug|Any CPU
		{9977DDEB-229D-4C20-B4A6-6E5C8648251B}.Release|Any CPU.ActiveCfg = Release|Any CPU
		{9977DDEB-229D-4C20-B4A6-6E5C8648251B}.Release|Any CPU.Build.0 = Release|Any CPU
	EndGlobalSection
	GlobalSection(SolutionProperties) = preSolution
		HideSolutionNode = FALSE
	EndGlobalSection
	GlobalSection(ExtensibilityGlobals) = postSolution
		SolutionGuid = {C67C90AB-1D3D-4E68-9621-A48331751943}
	EndGlobalSection
EndGlobal
